
Microsoft Visual Studio Solution File, Format Version 12.00
# Visual Studio 15
VisualStudioVersion = 15.0.28307.757
MinimumVisualStudioVersion = 10.0.40219.1
Project("{FAE04EC0-301F-11D3-BF4B-00C04F79EFBC}") = "TechWeb", "TechWeb\TechWeb.csproj", "{4D1932EF-98E3-4462-B4A3-F2D165146CA2}"
	ProjectSection(ProjectDependencies) = postProject
		{786093D4-E896-4F8B-9470-DEC229F7AE2E} = {786093D4-E896-4F8B-9470-DEC229F7AE2E}
	EndProjectSection
EndProject
Project("{FAE04EC0-301F-11D3-BF4B-00C04F79EFBC}") = "Techno_Service", "..\..\..\Desktop\tech\Techno_Service\Techno_Service.csproj", "{786093D4-E896-4F8B-9470-DEC229F7AE2E}"
EndProject
Global
	GlobalSection(SolutionConfigurationPlatforms) = preSolution
		Debug|Any CPU = Debug|Any CPU
		Release|Any CPU = Release|Any CPU
	EndGlobalSection
	GlobalSection(ProjectConfigurationPlatforms) = postSolution
		{4D1932EF-98E3-4462-B4A3-F2D165146CA2}.Debug|Any CPU.ActiveCfg = Debug|Any CPU
		{4D1932EF-98E3-4462-B4A3-F2D165146CA2}.Debug|Any CPU.Build.0 = Debug|Any CPU
		{4D1932EF-98E3-4462-B4A3-F2D165146CA2}.Release|Any CPU.ActiveCfg = Release|Any CPU
		{4D1932EF-98E3-4462-B4A3-F2D165146CA2}.Release|Any CPU.Build.0 = Release|Any CPU
		{786093D4-E896-4F8B-9470-DEC229F7AE2E}.Debug|Any CPU.ActiveCfg = Debug|Any CPU
		{786093D4-E896-4F8B-9470-DEC229F7AE2E}.Debug|Any CPU.Build.0 = Debug|Any CPU
		{786093D4-E896-4F8B-9470-DEC229F7AE2E}.Release|Any CPU.ActiveCfg = Release|Any CPU
		{786093D4-E896-4F8B-9470-DEC229F7AE2E}.Release|Any CPU.Build.0 = Release|Any CPU
	EndGlobalSection
	GlobalSection(SolutionProperties) = preSolution
		HideSolutionNode = FALSE
	EndGlobalSection
	GlobalSection(ExtensibilityGlobals) = postSolution
		SolutionGuid = {55E634F8-000E-4299-B0DF-805B0B042891}
	EndGlobalSection
EndGlobal
