
Microsoft Visual Studio Solution File, Format Version 12.00
# Visual Studio 15
VisualStudioVersion = 15.0.28307.779
MinimumVisualStudioVersion = 10.0.40219.1
Project("{FAE04EC0-301F-11D3-BF4B-00C04F79EFBC}") = "TechWeb", "TechWeb\TechWeb.csproj", "{4D1932EF-98E3-4462-B4A3-F2D165146CA2}"
	ProjectSection(ProjectDependencies) = postProject
		{786093D4-E896-4F8B-9470-DEC229F7AE2E} = {786093D4-E896-4F8B-9470-DEC229F7AE2E}
	EndProjectSection
EndProject
Project("{FAE04EC0-301F-11D3-BF4B-00C04F79EFBC}") = "Techno_Service", "TechnoService\Techno_Service\Techno_Service.csproj", "{786093D4-E896-4F8B-9470-DEC229F7AE2E}"
EndProject
Project("{FAE04EC0-301F-11D3-BF4B-00C04F79EFBC}") = "TechnoWeb", "..\TechnoWeb\TechnoWeb\TechnoWeb.csproj", "{3E09C4EE-237C-4B84-A29C-2B342E2DD14A}"
EndProject
Global
	GlobalSection(SolutionConfigurationPlatforms) = preSolution
		Debug|Any CPU = Debug|Any CPU
		Release|Any CPU = Release|Any CPU
	EndGlobalSection
	GlobalSection(ProjectConfigurationPlatforms) = postSolution
		{4D1932EF-98E3-4462-B4A3-F2D165146CA2}.Debug|Any CPU.ActiveCfg = Debug|Any CPU
		{4D1932EF-98E3-4462-B4A3-F2D165146CA2}.Debug|Any CPU.Build.0 = Debug|Any CPU
		{4D1932EF-98E3-4462-B4A3-F2D165146CA2}.Release|Any CPU.ActiveCfg = Release|Any CPU
		{4D1932EF-98E3-4462-B4A3-F2D165146CA2}.Release|Any CPU.Build.0 = Release|Any CPU
		{786093D4-E896-4F8B-9470-DEC229F7AE2E}.Debug|Any CPU.ActiveCfg = Debug|Any CPU
		{786093D4-E896-4F8B-9470-DEC229F7AE2E}.Debug|Any CPU.Build.0 = Debug|Any CPU
		{786093D4-E896-4F8B-9470-DEC229F7AE2E}.Release|Any CPU.ActiveCfg = Release|Any CPU
		{786093D4-E896-4F8B-9470-DEC229F7AE2E}.Release|Any CPU.Build.0 = Release|Any CPU
		{3E09C4EE-237C-4B84-A29C-2B342E2DD14A}.Debug|Any CPU.ActiveCfg = Debug|Any CPU
		{3E09C4EE-237C-4B84-A29C-2B342E2DD14A}.Debug|Any CPU.Build.0 = Debug|Any CPU
		{3E09C4EE-237C-4B84-A29C-2B342E2DD14A}.Release|Any CPU.ActiveCfg = Release|Any CPU
		{3E09C4EE-237C-4B84-A29C-2B342E2DD14A}.Release|Any CPU.Build.0 = Release|Any CPU
	EndGlobalSection
	GlobalSection(SolutionProperties) = preSolution
		HideSolutionNode = FALSE
	EndGlobalSection
	GlobalSection(ExtensibilityGlobals) = postSolution
		SolutionGuid = {2534FDE2-CF90-49E7-97BC-EEEF6ED44DC4}
	EndGlobalSection
EndGlobal
