
Microsoft Visual Studio Solution File, Format Version 12.00
# Visual Studio 15
VisualStudioVersion = 15.0.28307.757
MinimumVisualStudioVersion = 10.0.40219.1
Project("{FAE04EC0-301F-11D3-BF4B-00C04F79EFBC}") = "Techno_Web", "Techno_Web\Techno_Web.csproj", "{B8C19988-158F-41A0-9F3A-67DDC1D69688}"
EndProject
Global
	GlobalSection(SolutionConfigurationPlatforms) = preSolution
		Debug|Any CPU = Debug|Any CPU
		Release|Any CPU = Release|Any CPU
	EndGlobalSection
	GlobalSection(ProjectConfigurationPlatforms) = postSolution
		{B8C19988-158F-41A0-9F3A-67DDC1D69688}.Debug|Any CPU.ActiveCfg = Debug|Any CPU
		{B8C19988-158F-41A0-9F3A-67DDC1D69688}.Debug|Any CPU.Build.0 = Debug|Any CPU
		{B8C19988-158F-41A0-9F3A-67DDC1D69688}.Release|Any CPU.ActiveCfg = Release|Any CPU
		{B8C19988-158F-41A0-9F3A-67DDC1D69688}.Release|Any CPU.Build.0 = Release|Any CPU
	EndGlobalSection
	GlobalSection(SolutionProperties) = preSolution
		HideSolutionNode = FALSE
	EndGlobalSection
	GlobalSection(ExtensibilityGlobals) = postSolution
		SolutionGuid = {55E634F8-000E-4299-B0DF-805B0B042891}
	EndGlobalSection
EndGlobal
